
Microsoft Visual Studio Solution File, Format Version 12.00
# Visual Studio 15
VisualStudioVersion = 15.0.28307.136
MinimumVisualStudioVersion = 10.0.40219.1
Project("{9A19103F-16F7-4668-BE54-9A1E7A4F7556}") = "budget.cli", "budget.cli\budget.cli.csproj", "{51AFAF72-CCD8-49F3-953F-1A2D94E20B74}"
EndProject
Project("{9A19103F-16F7-4668-BE54-9A1E7A4F7556}") = "budget.model", "budget.model\budget.model.csproj", "{3765C965-32DA-406D-A9F0-12DB84725C3F}"
EndProject
Global
	GlobalSection(SolutionConfigurationPlatforms) = preSolution
		Debug|Any CPU = Debug|Any CPU
		Release|Any CPU = Release|Any CPU
	EndGlobalSection
	GlobalSection(ProjectConfigurationPlatforms) = postSolution
		{51AFAF72-CCD8-49F3-953F-1A2D94E20B74}.Debug|Any CPU.ActiveCfg = Debug|Any CPU
		{51AFAF72-CCD8-49F3-953F-1A2D94E20B74}.Debug|Any CPU.Build.0 = Debug|Any CPU
		{51AFAF72-CCD8-49F3-953F-1A2D94E20B74}.Release|Any CPU.ActiveCfg = Release|Any CPU
		{51AFAF72-CCD8-49F3-953F-1A2D94E20B74}.Release|Any CPU.Build.0 = Release|Any CPU
		{3765C965-32DA-406D-A9F0-12DB84725C3F}.Debug|Any CPU.ActiveCfg = Debug|Any CPU
		{3765C965-32DA-406D-A9F0-12DB84725C3F}.Debug|Any CPU.Build.0 = Debug|Any CPU
		{3765C965-32DA-406D-A9F0-12DB84725C3F}.Release|Any CPU.ActiveCfg = Release|Any CPU
		{3765C965-32DA-406D-A9F0-12DB84725C3F}.Release|Any CPU.Build.0 = Release|Any CPU
	EndGlobalSection
	GlobalSection(SolutionProperties) = preSolution
		HideSolutionNode = FALSE
	EndGlobalSection
	GlobalSection(ExtensibilityGlobals) = postSolution
		SolutionGuid = {6CBE076B-5A21-4D3F-81A7-5303E29D2DC5}
	EndGlobalSection
EndGlobal
